
Microsoft Visual Studio Solution File, Format Version 12.00
# Visual Studio Version 17
VisualStudioVersion = 17.6.33815.320
MinimumVisualStudioVersion = 10.0.40219.1
Project("{FAE04EC0-301F-11D3-BF4B-00C04F79EFBC}") = "PeliculasApi", "PeliculasApi\PeliculasApi.csproj", "{EC4C8512-C344-4AAB-8EE4-3938D3CCBEEB}"
EndProject
Global
	GlobalSection(SolutionConfigurationPlatforms) = preSolution
		Debug|Any CPU = Debug|Any CPU
		Release|Any CPU = Release|Any CPU
	EndGlobalSection
	GlobalSection(ProjectConfigurationPlatforms) = postSolution
		{EC4C8512-C344-4AAB-8EE4-3938D3CCBEEB}.Debug|Any CPU.ActiveCfg = Debug|Any CPU
		{EC4C8512-C344-4AAB-8EE4-3938D3CCBEEB}.Debug|Any CPU.Build.0 = Debug|Any CPU
		{EC4C8512-C344-4AAB-8EE4-3938D3CCBEEB}.Release|Any CPU.ActiveCfg = Release|Any CPU
		{EC4C8512-C344-4AAB-8EE4-3938D3CCBEEB}.Release|Any CPU.Build.0 = Release|Any CPU
	EndGlobalSection
	GlobalSection(SolutionProperties) = preSolution
		HideSolutionNode = FALSE
	EndGlobalSection
	GlobalSection(ExtensibilityGlobals) = postSolution
		SolutionGuid = {2CB18F6C-AB75-449E-B9AC-738354E80B26}
	EndGlobalSection
EndGlobal
